{
  "name": "syntastica-node-example",
  "version": "0.0.0",
  "lockfileVersion": 2,
  "requires": true,
  "packages": {
    "": {
      "name": "syntastica-node-example",
      "version": "0.0.0",
      "dependencies": {
        "syntastica": "^0.3.6"
      }
    },
    "node_modules/syntastica": {
      "version": "0.3.6",
      "resolved": "https://registry.npmjs.org/syntastica/-/syntastica-0.3.6.tgz",
      "integrity": "sha512-TKgSsTeQAphnEMNTwV9FPF7Od5qYPFkNQ4DoAhzMxFHgNQXBRTzVvhq8/ckOBjwtSQHhdPwquRL9zQqealqioA==",
      "funding": {
        "type": "ko-fi",
        "url": "https://ko-fi.com/rubixdev"
      }
    }
  },
  "dependencies": {
    "syntastica": {
      "version": "0.3.6",
      "resolved": "https://registry.npmjs.org/syntastica/-/syntastica-0.3.6.tgz",
      "integrity": "sha512-TKgSsTeQAphnEMNTwV9FPF7Od5qYPFkNQ4DoAhzMxFHgNQXBRTzVvhq8/ckOBjwtSQHhdPwquRL9zQqealqioA=="
    }
  }
}
