{
  "name": "syntastica-node-example",
  "version": "0.0.0",
  "lockfileVersion": 2,
  "requires": true,
  "packages": {
    "": {
      "name": "syntastica-node-example",
      "version": "0.0.0",
      "dependencies": {
        "@syntastica/core": "^0.4.6",
        "@syntastica/lang-javascript": "^0.4.0",
        "@syntastica/lang-rust": "^0.4.0"
      }
    },
    "node_modules/@syntastica/core": {
      "version": "0.4.6",
      "resolved": "https://registry.npmjs.org/@syntastica/core/-/core-0.4.6.tgz",
      "integrity": "sha512-3bDWNJ9WUkDdRdgYOQWPvpC79ml9s6qdc86xLKnUH5UVos/7UrdanArRtUHgAgJYG+lOm5W5yufVi6m9ZUl2CQ==",
      "license": "GPL-3.0-only",
      "funding": {
        "type": "ko-fi",
        "url": "https://ko-fi.com/rubixdev"
      }
    },
    "node_modules/@syntastica/lang-javascript": {
      "version": "0.4.0",
      "resolved": "https://registry.npmjs.org/@syntastica/lang-javascript/-/lang-javascript-0.4.0.tgz",
      "integrity": "sha512-qVuMeBE63q2wFnJ9IwTuMr6CpdVUIolpolGoePM6+do8AXzJ8qlWWrB5CNFEaXHkUb7eI/I4Y/y1r7mXkmkjrQ==",
      "license": "GPL-3.0-only",
      "funding": {
        "type": "ko-fi",
        "url": "https://ko-fi.com/rubixdev"
      }
    },
    "node_modules/@syntastica/lang-rust": {
      "version": "0.4.0",
      "resolved": "https://registry.npmjs.org/@syntastica/lang-rust/-/lang-rust-0.4.0.tgz",
      "integrity": "sha512-Uhgqc+0aj52TnERlvkLtsKgFzxB78p9c3CqDRJlYmVhAItvu3fuiLVhldIqw3Gb53pIzlpKNsJfL/ueZMW9EzA==",
      "license": "GPL-3.0-only",
      "funding": {
        "type": "ko-fi",
        "url": "https://ko-fi.com/rubixdev"
      }
    }
  },
  "dependencies": {
    "@syntastica/core": {
      "version": "0.4.6",
      "resolved": "https://registry.npmjs.org/@syntastica/core/-/core-0.4.6.tgz",
      "integrity": "sha512-3bDWNJ9WUkDdRdgYOQWPvpC79ml9s6qdc86xLKnUH5UVos/7UrdanArRtUHgAgJYG+lOm5W5yufVi6m9ZUl2CQ=="
    },
    "@syntastica/lang-javascript": {
      "version": "0.4.0",
      "resolved": "https://registry.npmjs.org/@syntastica/lang-javascript/-/lang-javascript-0.4.0.tgz",
      "integrity": "sha512-qVuMeBE63q2wFnJ9IwTuMr6CpdVUIolpolGoePM6+do8AXzJ8qlWWrB5CNFEaXHkUb7eI/I4Y/y1r7mXkmkjrQ=="
    },
    "@syntastica/lang-rust": {
      "version": "0.4.0",
      "resolved": "https://registry.npmjs.org/@syntastica/lang-rust/-/lang-rust-0.4.0.tgz",
      "integrity": "sha512-Uhgqc+0aj52TnERlvkLtsKgFzxB78p9c3CqDRJlYmVhAItvu3fuiLVhldIqw3Gb53pIzlpKNsJfL/ueZMW9EzA=="
    }
  }
}
