{
  "name": "syntastica-node-example",
  "version": "0.0.0",
  "lockfileVersion": 2,
  "requires": true,
  "packages": {
    "": {
      "name": "syntastica-node-example",
      "version": "0.0.0",
      "dependencies": {
        "syntastica": "^0.3.5"
      }
    },
    "node_modules/syntastica": {
      "version": "0.3.5",
      "resolved": "https://registry.npmjs.org/syntastica/-/syntastica-0.3.5.tgz",
      "integrity": "sha512-9H6W6KlZd7I1GnvVqQ2NNuRVfucFb6vTtpU29UzpJrNVtHjI+9diheIIUq6mPEDR2CVDPSx6lQDUFx5+e1m2Vw==",
      "funding": {
        "type": "ko-fi",
        "url": "https://ko-fi.com/rubixdev"
      }
    }
  },
  "dependencies": {
    "syntastica": {
      "version": "0.3.5",
      "resolved": "https://registry.npmjs.org/syntastica/-/syntastica-0.3.5.tgz",
      "integrity": "sha512-9H6W6KlZd7I1GnvVqQ2NNuRVfucFb6vTtpU29UzpJrNVtHjI+9diheIIUq6mPEDR2CVDPSx6lQDUFx5+e1m2Vw=="
    }
  }
}
